
Microsoft Visual Studio Solution File, Format Version 12.00
# Visual Studio 15
VisualStudioVersion = 15.0.28307.438
MinimumVisualStudioVersion = 10.0.40219.1
Project("{FAE04EC0-301F-11D3-BF4B-00C04F79EFBC}") = "Escc.BasicAuthentication.WebApi", "Escc.BasicAuthentication.WebApi\Escc.BasicAuthentication.WebApi.csproj", "{6B02AF69-B4E9-4C6E-8DEE-A99BCCA7E995}"
EndProject
Project("{2150E333-8FDC-42A3-9474-1A3956D46DE8}") = "Solution Items", "Solution Items", "{E5981C2B-8599-4DC6-B47D-D1DE9B6D25B0}"
	ProjectSection(SolutionItems) = preProject
		.gitignore = .gitignore
		LICENSE.md = LICENSE.md
		README.md = README.md
	EndProjectSection
EndProject
Global
	GlobalSection(SolutionConfigurationPlatforms) = preSolution
		Debug|Any CPU = Debug|Any CPU
		Release|Any CPU = Release|Any CPU
	EndGlobalSection
	GlobalSection(ProjectConfigurationPlatforms) = postSolution
		{6B02AF69-B4E9-4C6E-8DEE-A99BCCA7E995}.Debug|Any CPU.ActiveCfg = Debug|Any CPU
		{6B02AF69-B4E9-4C6E-8DEE-A99BCCA7E995}.Debug|Any CPU.Build.0 = Debug|Any CPU
		{6B02AF69-B4E9-4C6E-8DEE-A99BCCA7E995}.Release|Any CPU.ActiveCfg = Release|Any CPU
		{6B02AF69-B4E9-4C6E-8DEE-A99BCCA7E995}.Release|Any CPU.Build.0 = Release|Any CPU
	EndGlobalSection
	GlobalSection(SolutionProperties) = preSolution
		HideSolutionNode = FALSE
	EndGlobalSection
	GlobalSection(ExtensibilityGlobals) = postSolution
		SolutionGuid = {4ADD385F-C5CB-451D-B7D7-B27850D4CF4A}
	EndGlobalSection
EndGlobal
